
Microsoft Visual Studio Solution File, Format Version 12.00
# Visual Studio Version 17
VisualStudioVersion = 17.6.33829.357
MinimumVisualStudioVersion = 10.0.40219.1
Project("{FAE04EC0-301F-11D3-BF4B-00C04F79EFBC}") = "WebUI", "WebUI\WebUI.csproj", "{48C6638D-CF2A-415D-A899-E27A4B47545A}"
EndProject
Project("{FAE04EC0-301F-11D3-BF4B-00C04F79EFBC}") = "Domain", "Domain\Domain.csproj", "{2C106AC6-3478-4C8F-8471-649034CE07C5}"
EndProject
Project("{FAE04EC0-301F-11D3-BF4B-00C04F79EFBC}") = "Application", "Application\Application.csproj", "{70C48C6F-573A-4A76-8F13-A4FDB858FDDD}"
EndProject
Project("{FAE04EC0-301F-11D3-BF4B-00C04F79EFBC}") = "Infrastucture", "Infrastucture\Infrastucture.csproj", "{3552CB25-C2A9-4DDC-A008-194C9449FC86}"
EndProject
Global
	GlobalSection(SolutionConfigurationPlatforms) = preSolution
		Debug|Any CPU = Debug|Any CPU
		Release|Any CPU = Release|Any CPU
	EndGlobalSection
	GlobalSection(ProjectConfigurationPlatforms) = postSolution
		{48C6638D-CF2A-415D-A899-E27A4B47545A}.Debug|Any CPU.ActiveCfg = Debug|Any CPU
		{48C6638D-CF2A-415D-A899-E27A4B47545A}.Debug|Any CPU.Build.0 = Debug|Any CPU
		{48C6638D-CF2A-415D-A899-E27A4B47545A}.Release|Any CPU.ActiveCfg = Release|Any CPU
		{48C6638D-CF2A-415D-A899-E27A4B47545A}.Release|Any CPU.Build.0 = Release|Any CPU
		{2C106AC6-3478-4C8F-8471-649034CE07C5}.Debug|Any CPU.ActiveCfg = Debug|Any CPU
		{2C106AC6-3478-4C8F-8471-649034CE07C5}.Debug|Any CPU.Build.0 = Debug|Any CPU
		{2C106AC6-3478-4C8F-8471-649034CE07C5}.Release|Any CPU.ActiveCfg = Release|Any CPU
		{2C106AC6-3478-4C8F-8471-649034CE07C5}.Release|Any CPU.Build.0 = Release|Any CPU
		{70C48C6F-573A-4A76-8F13-A4FDB858FDDD}.Debug|Any CPU.ActiveCfg = Debug|Any CPU
		{70C48C6F-573A-4A76-8F13-A4FDB858FDDD}.Debug|Any CPU.Build.0 = Debug|Any CPU
		{70C48C6F-573A-4A76-8F13-A4FDB858FDDD}.Release|Any CPU.ActiveCfg = Release|Any CPU
		{70C48C6F-573A-4A76-8F13-A4FDB858FDDD}.Release|Any CPU.Build.0 = Release|Any CPU
		{3552CB25-C2A9-4DDC-A008-194C9449FC86}.Debug|Any CPU.ActiveCfg = Debug|Any CPU
		{3552CB25-C2A9-4DDC-A008-194C9449FC86}.Debug|Any CPU.Build.0 = Debug|Any CPU
		{3552CB25-C2A9-4DDC-A008-194C9449FC86}.Release|Any CPU.ActiveCfg = Release|Any CPU
		{3552CB25-C2A9-4DDC-A008-194C9449FC86}.Release|Any CPU.Build.0 = Release|Any CPU
	EndGlobalSection
	GlobalSection(SolutionProperties) = preSolution
		HideSolutionNode = FALSE
	EndGlobalSection
	GlobalSection(ExtensibilityGlobals) = postSolution
		SolutionGuid = {7F94203A-768C-4A12-9F30-1DE791D2FCD0}
	EndGlobalSection
EndGlobal
